{
  "items": {
    "chronicles": {
      "dir": "$deps/chronicles",
      "url": "https://github.com/status-im/nim-chronicles",
      "commit": "61759a5e8df8f4d68bcd1b4b8c1adab3e72bbd8d",
      "version": ""
    },
    "fungus": {
      "dir": "$deps/fungus",
      "url": "https://github.com/beef331/fungus",
      "commit": "51d218c6b582cb06d331a95ce0ba475d107c64a2",
      "version": ""
    },
    "sweet": {
      "dir": "$deps/sweet",
      "url": "https://github.com/FyraLabs/sweet",
      "commit": "71c339dffb369116ad6da02608f69ef039b94713",
      "version": ""
    },
    "owlkettle.madonuko.github.com": {
      "dir": "$deps/owlkettle.madonuko.github.com",
      "url": "https://github.com/madonuko/owlkettle",
      "commit": "73bf54ae4f7836bbade9d8b8e091aecad9a65074",
      "version": ""
    },
    "libnm.nim.madonuko.github.com": {
      "dir": "$deps/libnm.nim.madonuko.github.com",
      "url": "https://github.com/madonuko/libnm.nim",
      "commit": "9c2db0f6c5e098b134b7d403e8a18e774ff97a71",
      "version": ""
    },
    "json_serialization": {
      "dir": "$deps/json_serialization",
      "url": "https://github.com/status-im/nim-json-serialization",
      "commit": "6eadb6e939ffa7882ff5437033c11a9464d3385c",
      "version": ""
    },
    "micros": {
      "dir": "$deps/micros",
      "url": "https://github.com/beef331/micros",
      "commit": "4dfeac6a47ba8b6287081b048158981a07832063",
      "version": ""
    },
    "serialization": {
      "dir": "$deps/serialization",
      "url": "https://github.com/status-im/nim-serialization",
      "commit": "c87b6da82365e99499f0ab81ed6f633be23b0f2c",
      "version": ""
    },
    "results": {
      "dir": "$deps/results",
      "url": "https://github.com/arnetheduck/nim-results",
      "commit": "df8113dda4c2d74d460a8fa98252b0b771bf1f27",
      "version": ""
    },
    "stew": {
      "dir": "$deps/stew",
      "url": "https://github.com/status-im/nim-stew",
      "commit": "e5740014961438610d336cd81706582dbf2c96f0",
      "version": ""
    },
    "unittest2": {
      "dir": "$deps/unittest2",
      "url": "https://github.com/status-im/nim-unittest2",
      "commit": "8b51e99b4a57fcfb31689230e75595f024543024",
      "version": ""
    },
    "faststreams": {
      "dir": "$deps/faststreams",
      "url": "https://github.com/status-im/nim-faststreams",
      "commit": "308b9803ec9f38e1f2447d59557ef160185664a5",
      "version": ""
    }
  },
  "nimcfg": [
    "############# begin Atlas config section ##########",
    "--noNimblePath",
    "--path:\"deps/chronicles\"",
    "--path:\"deps/fungus/src\"",
    "--path:\"deps/sweet/src\"",
    "--path:\"deps/owlkettle.madonuko.github.com\"",
    "--path:\"deps/libnm.nim.madonuko.github.com/src\"",
    "--path:\"deps/json_serialization\"",
    "--path:\"deps/micros/src\"",
    "--path:\"deps/serialization\"",
    "--path:\"deps/results\"",
    "--path:\"deps/unittest2\"",
    "--path:\"deps/stew\"",
    "--path:\"deps/faststreams\"",
    "############# end Atlas config section   ##########",
    ""
  ],
  "nimbleFile": {
    "filename": "netto.nimble",
    "content": [
      "# Package",
      "",
      "version       = \"0.1.0\"",
      "author        = \"madonuko\"",
      "description   = \"GUI Network Applet\"",
      "license       = \"GPL-3.0-or-later\"",
      "srcDir        = \"src\"",
      "bin           = @[\"netto\"]",
      "",
      "# Dependencies",
      "",
      "requires \"nim >= 2.0.0\"",
      "requires \"https://github.com/madonuko/libnm.nim >= 1.52.0\"",
      "requires \"chronicles >= 0.11.0\"",
      "requires \"sweet >= 0.1.3\"",
      "requires \"https://github.com/madonuko/owlkettle#73bf54a\"",
      "requires \"fungus >= 0.1.18\"",
      ""
    ]
  },
  "hostOS": "linux",
  "hostCPU": "amd64",
  "nimVersion": "2.2.4 f7145dd26efeeeb6eeae6fff649db244d81b212d",
  "gccVersion": "15.1.1",
  "clangVersion": "20.1.7"
}